# @generated by Move, please check-in and do not edit manually.

[move]
version = 2
manifest_digest = "64C72304E0BB7DEBEDC168AD069755AD004CB5A934FFF14A70516B30DCCB1C19"
deps_digest = "F8BBB0CCB2491CA29A3DF03D6F92277A4F3574266507ACD77214D37ECA3F3082"
dependencies = [
  { name = "Sui" },
]

[[move.package]]
name = "MoveStdlib"
source = { git = "https://github.com/MystenLabs/sui.git", rev = "framework/testnet", subdir = "crates/sui-framework/packages/move-stdlib" }

[[move.package]]
name = "Sui"
source = { git = "https://github.com/MystenLabs/sui.git", rev = "framework/testnet", subdir = "crates/sui-framework/packages/sui-framework" }

dependencies = [
  { name = "MoveStdlib" },
]

[move.toolchain-version]
compiler-version = "1.31.1"
edition = "2024.alpha"
flavor = "sui"

[env]

[env.devnet]
chain-id = "f2bac0d4"
original-published-id = "0x615e15a98db7c1877012dd14dbbd0984c8b2cd0b4eed03809015c78634a6ab35"
latest-published-id = "0x615e15a98db7c1877012dd14dbbd0984c8b2cd0b4eed03809015c78634a6ab35"
published-version = "1"

[env.mainnet]
chain-id = "35834a8a"
original-published-id = "0xbfd81ff7150e0e85be1daab249353b887f78b9b076c78675a8b09311e4cd2089"
latest-published-id = "0xbfd81ff7150e0e85be1daab249353b887f78b9b076c78675a8b09311e4cd2089"
published-version = "1"
