# @generated by Move, please check-in and do not edit manually.

[move]
version = 1
manifest_digest = "D3951C59266D455425C809A00A7C18C73BE30D05E8636B7EDB226200BA4D13F0"
deps_digest = "F8BBB0CCB2491CA29A3DF03D6F92277A4F3574266507ACD77214D37ECA3F3082"
dependencies = [
  { name = "Sui" },
]

[[move.package]]
name = "MoveStdlib"
source = { git = "https://github.com/MystenLabs/sui.git", rev = "framework/testnet", subdir = "crates/sui-framework/packages/move-stdlib" }

[[move.package]]
name = "Sui"
source = { git = "https://github.com/MystenLabs/sui.git", rev = "framework/testnet", subdir = "crates/sui-framework/packages/sui-framework" }

dependencies = [
  { name = "MoveStdlib" },
]

[move.toolchain-version]
compiler-version = "1.23.0"
edition = "2024.alpha"
flavor = "sui"

[env]

[env.devnet]
chain-id = "a96e98d2"
original-published-id = "0xc1ae2439df01709a8b01ba2e3acb46f6c0a51eee96d843987f32cec05e33b94b"
latest-published-id = "0xc1ae2439df01709a8b01ba2e3acb46f6c0a51eee96d843987f32cec05e33b94b"
published-version = "1"
